
Microsoft Visual Studio Solution File, Format Version 12.00
# Visual Studio Version 16
VisualStudioVersion = 16.0.33328.57
MinimumVisualStudioVersion = 10.0.40219.1
Project("{8BC9CEB8-8B4A-11D0-8D11-00A0C91BC942}") = "LIBSProcessing", "LIBSProcessing\LIBSProcessing.vcxproj", "{F974B429-ACF3-44BA-B590-10C18FA3E75C}"
EndProject
Global
	GlobalSection(SolutionConfigurationPlatforms) = preSolution
		Debug|x64 = Debug|x64
		Debug|x86 = Debug|x86
		Release|x64 = Release|x64
		Release|x86 = Release|x86
	EndGlobalSection
	GlobalSection(ProjectConfigurationPlatforms) = postSolution
		{F974B429-ACF3-44BA-B590-10C18FA3E75C}.Debug|x64.ActiveCfg = Debug|x64
		{F974B429-ACF3-44BA-B590-10C18FA3E75C}.Debug|x64.Build.0 = Debug|x64
		{F974B429-ACF3-44BA-B590-10C18FA3E75C}.Debug|x86.ActiveCfg = Release|Win32
		{F974B429-ACF3-44BA-B590-10C18FA3E75C}.Debug|x86.Build.0 = Release|Win32
		{F974B429-ACF3-44BA-B590-10C18FA3E75C}.Release|x64.ActiveCfg = Release|x64
		{F974B429-ACF3-44BA-B590-10C18FA3E75C}.Release|x64.Build.0 = Release|x64
		{F974B429-ACF3-44BA-B590-10C18FA3E75C}.Release|x86.ActiveCfg = Release|Win32
		{F974B429-ACF3-44BA-B590-10C18FA3E75C}.Release|x86.Build.0 = Release|Win32
	EndGlobalSection
	GlobalSection(SolutionProperties) = preSolution
		HideSolutionNode = FALSE
	EndGlobalSection
	GlobalSection(ExtensibilityGlobals) = postSolution
		SolutionGuid = {B937CC00-7310-457D-9FA3-267B02DEEA56}
	EndGlobalSection
EndGlobal
